{
  "name": "elm-pages-app",
  "lockfileVersion": 2,
  "requires": true,
  "packages": {
    "": {
      "name": "elm-pages-app",
      "hasInstallScript": true,
      "devDependencies": {
        "elm-optimize-level-2": "0.2.3",
        "elm-pages": "2.1.10",
        "elm-review": "^2.5.5",
        "elm-tooling": "^1.4.0"
      }
    },
    "node_modules/elm-optimize-level-2": {
      "version": "0.2.3",
      "integrity": "sha512-IX/tbLx+8ZHZWSRQLN7nZoEcfkA3OR/ta8tnQgAE+tbX3yadR3zGQZeU3MsvSe42x/uCtiwruZWsT7qi/VMAYw==",
      "dev": true,
      "dependencies": {
        "chalk": "^4.1.0",
        "commander": "^6.0.0",
        "node-elm-compiler": "^5.0.4",
        "ts-union": "^2.2.1",
        "typescript": "^3.9.7"
      },
      "bin": {
        "elm-optimize-level-2": "bin/elm-optimize-level-2.js"
      },
      "engines": {
        "node": ">=12"
      }
    },
    "node_modules/elm-pages": {
      "version": "2.1.10",
      "integrity": "sha512-f2aXDuXit9MekwNNlPRTQvUyTwQsooSt81GUEpBbc96cfpIp/pwhbCd8K8clKdY8Zdn4BjfLStihDJEmEj7TQw==",
      "dev": true,
      "dependencies": {
        "chokidar": "3.5.2",
        "commander": "^8.1.0",
        "connect": "^3.7.0",
        "cross-spawn": "7.0.3",
        "devcert": "^1.2.0",
        "elm-doc-preview": "^5.0.5",
        "elm-hot": "^1.1.6",
        "fs-extra": "^10.0.0",
        "globby": "11.0.4",
        "gray-matter": "^4.0.3",
        "jsesc": "^3.0.2",
        "kleur": "^4.1.4",
        "micromatch": "^4.0.4",
        "object-hash": "^2.2.0",
        "serve-static": "^1.14.1",
        "terser": "^5.7.2",
        "undici": "^4.4.7",
        "which": "^2.0.2"
      },
      "bin": {
        "elm-pages": "generator/src/cli.js"
      }
    },
    "node_modules/elm-review": {
      "version": "2.7.0",
      "integrity": "sha512-PvZj6M6rHYpyAGp2MKF/TzeDawioQacBTkVxzlBBGuMoO4LXw2PMIm/NmhkxcD38l5SvDIwpWmyDKvEsMaWNhQ==",
      "dev": true,
      "dependencies": {
        "chalk": "^4.0.0",
        "chokidar": "^3.5.2",
        "cross-spawn": "^7.0.3",
        "elm-tooling": "^1.6.0",
        "fast-levenshtein": "^3.0.0",
        "find-up": "^4.1.0",
        "folder-hash": "^3.3.0",
        "fs-extra": "^9.0.0",
        "glob": "^7.1.4",
        "got": "^10.7.0",
        "minimist": "^1.2.0",
        "ora": "^5.4.0",
        "path-key": "^3.1.1",
        "prompts": "^2.2.1",
        "strip-ansi": "^6.0.0",
        "temp": "^0.9.1",
        "terminal-link": "^2.1.1",
        "which": "^2.0.2",
        "wrap-ansi": "^6.2.0"
      },
      "bin": {
        "elm-review": "bin/elm-review"
      },
      "engines": {
        "node": ">=10.0.0"
      },
      "funding": {
        "url": "https://github.com/sponsors/jfmengels"
      }
    },
    "node_modules/elm-review/node_modules/chalk": {
      "version": "4.1.2",
      "integrity": "sha512-oKnbhFyRIXpUuez8iBMmyEa4nbj4IOQyuhc/wy9kY7/WVPcwIO9VA668Pu8RkO7+0G76SLROeyw9CpQ061i4mA==",
      "dev": true,
      "dependencies": {
        "ansi-styles": "^4.1.0",
        "supports-color": "^7.1.0"
      },
      "engines": {
        "node": ">=10"
      },
      "funding": {
        "url": "https://github.com/chalk/chalk?sponsor=1"
      }
    },
    "node_modules/elm-review/node_modules/chokidar": {
      "version": "3.5.2",
      "integrity": "sha512-ekGhOnNVPgT77r4K/U3GDhu+FQ2S8TnK/s2KbIGXi0SZWuwkZ2QNyfWdZW+TVfn84DpEP7rLeCt2UI6bJ8GwbQ==",
      "dev": true,
      "dependencies": {
        "anymatch": "~3.1.2",
        "braces": "~3.0.2",
        "glob-parent": "~5.1.2",
        "is-binary-path": "~2.1.0",
        "is-glob": "~4.0.1",
        "normalize-path": "~3.0.0",
        "readdirp": "~3.6.0"
      },
      "engines": {
        "node": ">= 8.10.0"
      },
      "optionalDependencies": {
        "fsevents": "~2.3.2"
      }
    },
    "node_modules/elm-review/node_modules/cross-spawn": {
      "version": "7.0.3",
      "integrity": "sha512-iRDPJKUPVEND7dHPO8rkbOnPpyDygcDFtWjpeWNCgy8WP2rXcxXL8TskReQl6OrB2G7+UJrags1q15Fudc7G6w==",
      "dev": true,
      "dependencies": {
        "path-key": "^3.1.0",
        "shebang-command": "^2.0.0",
        "which": "^2.0.1"
      },
      "engines": {
        "node": ">= 8"
      }
    },
    "node_modules/elm-review/node_modules/fast-levenshtein": {
      "version": "3.0.0",
      "integrity": "sha512-hKKNajm46uNmTlhHSyZkmToAc56uZJwYq7yrciZjqOxnlfQwERDQJmHPUp7m1m9wx8vgOe8IaCKZ5Kv2k1DdCQ==",
      "dev": true,
      "dependencies": {
        "fastest-levenshtein": "^1.0.7"
      }
    },
    "node_modules/elm-review/node_modules/fast-levenshtein/node_modules/fastest-levenshtein": {
      "version": "1.0.12",
      "integrity": "sha512-On2N+BpYJ15xIC974QNVuYGMOlEVt4s0EOI3wwMqOmK1fdDY+FN/zltPV8vosq4ad4c/gJ1KHScUn/6AWIgiow==",
      "dev": true
    },
    "node_modules/elm-review/node_modules/find-up": {
      "version": "4.1.0",
      "integrity": "sha512-PpOwAdQ/YlXQ2vj8a3h8IipDuYRi3wceVQQGYWxNINccq40Anw7BlsEXCMbt1Zt+OLA6Fq9suIpIWD0OsnISlw==",
      "dev": true,
      "dependencies": {
        "locate-path": "^5.0.0",
        "path-exists": "^4.0.0"
      },
      "engines": {
        "node": ">=8"
      }
    },
    "node_modules/elm-review/node_modules/find-up/node_modules/locate-path": {
      "version": "5.0.0",
      "integrity": "sha512-t7hw9pI+WvuwNJXwk5zVHpyhIqzg2qTlklJOf0mVxGSbe3Fp2VieZcduNYjaLDoy6p9uGpQEGWG87WpMKlNq8g==",
      "dev": true,
      "dependencies": {
        "p-locate": "^4.1.0"
      },
      "engines": {
        "node": ">=8"
      }
    },
    "node_modules/elm-review/node_modules/find-up/node_modules/locate-path/node_modules/p-locate": {
      "version": "4.1.0",
      "integrity": "sha512-R79ZZ/0wAxKGu3oYMlz8jy/kbhsNrS7SKZ7PxEHBgJ5+F2mtFW2fK2cOtBh1cHYkQsbzFV7I+EoRKe6Yt0oK7A==",
      "dev": true,
      "dependencies": {
        "p-limit": "^2.2.0"
      },
      "engines": {
        "node": ">=8"
      }
    },
    "node_modules/elm-review/node_modules/find-up/node_modules/path-exists": {
      "version": "4.0.0",
      "integrity": "sha512-ak9Qy5Q7jYb2Wwcey5Fpvg2KoAc/ZIhLSLOSBmRmygPsGwkVVt0fZa0qrtMz+m6tJTAHfZQ8FnmB4MG4LWy7/w==",
      "dev": true,
      "engines": {
        "node": ">=8"
      }
    },
    "node_modules/elm-review/node_modules/folder-hash": {
      "version": "3.3.3",
      "integrity": "sha512-SDgHBgV+RCjrYs8aUwCb9rTgbTVuSdzvFmLaChsLre1yf+D64khCW++VYciaByZ8Rm0uKF8R/XEpXuTRSGUM1A==",
      "dev": true,
      "dependencies": {
        "debug": "^4.1.1",
        "graceful-fs": "~4.2.0",
        "minimatch": "~3.0.4"
      },
      "bin": {
        "folder-hash": "bin/folder-hash"
      },
      "engines": {
        "node": ">=6.0.0"
      }
    },
    "node_modules/elm-review/node_modules/fs-extra": {
      "version": "9.1.0",
      "integrity": "sha512-hcg3ZmepS30/7BSFqRvoo3DOMQu7IjqxO5nCDt+zM9XWjb33Wg7ziNT+Qvqbuc3+gWpzO02JubVyk2G4Zvo1OQ==",
      "dev": true,
      "dependencies": {
        "at-least-node": "^1.0.0",
        "graceful-fs": "^4.2.0",
        "jsonfile": "^6.0.1",
        "universalify": "^2.0.0"
      },
      "engines": {
        "node": ">=10"
      }
    },
    "node_modules/elm-review/node_modules/fs-extra/node_modules/at-least-node": {
      "version": "1.0.0",
      "integrity": "sha512-+q/t7Ekv1EDY2l6Gda6LLiX14rU9TV20Wa3ofeQmwPFZbOMo9DXrLbOjFaaclkXKWidIaopwAObQDqwWtGUjqg==",
      "dev": true,
      "engines": {
        "node": ">= 4.0.0"
      }
    },
    "node_modules/elm-review/node_modules/fs-extra/node_modules/graceful-fs": {
      "version": "4.2.8",
      "integrity": "sha512-qkIilPUYcNhJpd33n0GBXTB1MMPp14TxEsEs0pTrsSVucApsYzW5V+Q8Qxhik6KU3evy+qkAAowTByymK0avdg==",
      "dev": true
    },
    "node_modules/elm-review/node_modules/fs-extra/node_modules/jsonfile": {
      "version": "6.1.0",
      "integrity": "sha512-5dgndWOriYSm5cnYaJNhalLNDKOqFwyDB/rr1E9ZsGciGvKPs8R2xYGCacuf3z6K1YKDz182fd+fY3cn3pMqXQ==",
      "dev": true,
      "dependencies": {
        "universalify": "^2.0.0"
      },
      "optionalDependencies": {
        "graceful-fs": "^4.1.6"
      }
    },
    "node_modules/elm-review/node_modules/fs-extra/node_modules/universalify": {
      "version": "2.0.0",
      "integrity": "sha512-hAZsKq7Yy11Zu1DE0OzWjw7nnLZmJZYTDZZyEFHZdUhV8FkH5MCfoU1XMaxXovpyW5nq5scPqq0ZDP9Zyl04oQ==",
      "dev": true,
      "engines": {
        "node": ">= 10.0.0"
      }
    },
    "node_modules/elm-review/node_modules/glob": {
      "version": "7.2.0",
      "integrity": "sha512-lmLf6gtyrPq8tTjSmrO94wBeQbFR3HbLHbuyD69wuyQkImp2hWqMGB47OX65FBkPffO641IP9jWa1z4ivqG26Q==",
      "dev": true,
      "dependencies": {
        "fs.realpath": "^1.0.0",
        "inflight": "^1.0.4",
        "inherits": "2",
        "minimatch": "^3.0.4",
        "once": "^1.3.0",
        "path-is-absolute": "^1.0.0"
      },
      "engines": {
        "node": "*"
      },
      "funding": {
        "url": "https://github.com/sponsors/isaacs"
      }
    },
    "node_modules/elm-review/node_modules/got": {
      "version": "10.7.0",
      "integrity": "sha512-aWTDeNw9g+XqEZNcTjMMZSy7B7yE9toWOFYip7ofFTLleJhvZwUxxTxkTpKvF+p1SAA4VHmuEy7PiHTHyq8tJg==",
      "dev": true,
      "dependencies": {
        "@sindresorhus/is": "^2.0.0",
        "@szmarczak/http-timer": "^4.0.0",
        "@types/cacheable-request": "^6.0.1",
        "cacheable-lookup": "^2.0.0",
        "cacheable-request": "^7.0.1",
        "decompress-response": "^5.0.0",
        "duplexer3": "^0.1.4",
        "get-stream": "^5.0.0",
        "lowercase-keys": "^2.0.0",
        "mimic-response": "^2.1.0",
        "p-cancelable": "^2.0.0",
        "p-event": "^4.0.0",
        "responselike": "^2.0.0",
        "to-readable-stream": "^2.0.0",
        "type-fest": "^0.10.0"
      },
      "engines": {
        "node": ">=10"
      },
      "funding": {
        "url": "https://github.com/sindresorhus/got?sponsor=1"
      }
    },
    "node_modules/elm-review/node_modules/minimist": {
      "version": "1.2.5",
      "integrity": "sha512-FM9nNUYrRBAELZQT3xeZQ7fmMOBg6nWNmJKTcgsJeaLstP/UODVpGsr5OhXhhXg6f+qtJ8uiZ+PUxkDWcgIXLw==",
      "dev": true
    },
    "node_modules/elm-review/node_modules/ora": {
      "version": "5.4.1",
      "integrity": "sha512-5b6Y85tPxZZ7QytO+BQzysW31HJku27cRIlkbAXaNx+BdcVi+LlRFmVXzeF6a7JCwJpyw5c4b+YSVImQIrBpuQ==",
      "dev": true,
      "dependencies": {
        "bl": "^4.1.0",
        "chalk": "^4.1.0",
        "cli-cursor": "^3.1.0",
        "cli-spinners": "^2.5.0",
        "is-interactive": "^1.0.0",
        "is-unicode-supported": "^0.1.0",
        "log-symbols": "^4.1.0",
        "strip-ansi": "^6.0.0",
        "wcwidth": "^1.0.1"
      },
      "engines": {
        "node": ">=10"
      },
      "funding": {
        "url": "https://github.com/sponsors/sindresorhus"
      }
    },
    "node_modules/elm-review/node_modules/path-key": {
      "version": "3.1.1",
      "integrity": "sha512-ojmeN0qd+y0jszEtoY48r0Peq5dwMEkIlCOu6Q5f41lfkswXuKtYrhgoTpLnyIcHm24Uhqx+5Tqm2InSwLhE6Q==",
      "dev": true,
      "engines": {
        "node": ">=8"
      }
    },
    "node_modules/elm-review/node_modules/prompts": {
      "version": "2.4.2",
      "integrity": "sha512-NxNv/kLguCA7p3jE8oL2aEBsrJWgAakBpgmgK6lpPWV+WuOmY6r2/zbAVnP+T8bQlA0nzHXSJSJW0Hq7ylaD2Q==",
      "dev": true,
      "dependencies": {
        "kleur": "^3.0.3",
        "sisteransi": "^1.0.5"
      },
      "engines": {
        "node": ">= 6"
      }
    },
    "node_modules/elm-review/node_modules/prompts/node_modules/kleur": {
      "version": "3.0.3",
      "integrity": "sha512-eTIzlVOSUR+JxdDFepEYcBMtZ9Qqdef+rnzWdRZuMbOywu5tO2w2N7rqjoANZ5k9vywhL6Br1VRjUIgTQx4E8w==",
      "dev": true,
      "engines": {
        "node": ">=6"
      }
    },
    "node_modules/elm-review/node_modules/prompts/node_modules/sisteransi": {
      "version": "1.0.5",
      "integrity": "sha512-bLGGlR1QxBcynn2d5YmDX4MGjlZvy2MRBDRNHLJ8VI6l6+9FUiyTFNJ0IveOSP0bcXgVDPRcfGqA0pjaqUpfVg==",
      "dev": true
    },
    "node_modules/elm-review/node_modules/strip-ansi": {
      "version": "6.0.1",
      "integrity": "sha512-Y38VPSHcqkFrCpFnQ9vuSXmquuv5oXOKpGeT6aGrr3o3Gc9AlVa6JBfUSOCnbxGGZF+/0ooI7KrPuUSztUdU5A==",
      "dev": true,
      "dependencies": {
        "ansi-regex": "^5.0.1"
      },
      "engines": {
        "node": ">=8"
      }
    },
    "node_modules/elm-review/node_modules/strip-ansi/node_modules/ansi-regex": {
      "version": "5.0.1",
      "integrity": "sha512-quJQXlTSUGL2LH9SUXo8VwsY4soanhgo6LNSm84E1LBcE8s3O0wpdiRzyR9z/ZZJMlMWv37qOOb9pdJlMUEKFQ==",
      "dev": true,
      "engines": {
        "node": ">=8"
      }
    },
    "node_modules/elm-review/node_modules/temp": {
      "version": "0.9.4",
      "integrity": "sha512-yYrrsWnrXMcdsnu/7YMYAofM1ktpL5By7vZhf15CrXijWWrEYZks5AXBudalfSWJLlnen/QUJUB5aoB0kqZUGA==",
      "dev": true,
      "dependencies": {
        "mkdirp": "^0.5.1",
        "rimraf": "~2.6.2"
      },
      "engines": {
        "node": ">=6.0.0"
      }
    },
    "node_modules/elm-review/node_modules/temp/node_modules/mkdirp": {
      "version": "0.5.5",
      "integrity": "sha512-NKmAlESf6jMGym1++R0Ra7wvhV+wFW63FaSOFPwRahvea0gMUcGUhVeAg/0BC0wiv9ih5NYPB1Wn1UEI1/L+xQ==",
      "dev": true,
      "dependencies": {
        "minimist": "^1.2.5"
      },
      "bin": {
        "mkdirp": "bin/cmd.js"
      }
    },
    "node_modules/elm-review/node_modules/temp/node_modules/rimraf": {
      "version": "2.6.3",
      "integrity": "sha512-mwqeW5XsA2qAejG46gYdENaxXjx9onRNCfn7L0duuP4hCuTIi/QO7PDK07KJfp1d+izWPrzEJDcSqBa0OZQriA==",
      "dev": true,
      "dependencies": {
        "glob": "^7.1.3"
      },
      "bin": {
        "rimraf": "bin.js"
      }
    },
    "node_modules/elm-review/node_modules/terminal-link": {
      "version": "2.1.1",
      "integrity": "sha512-un0FmiRUQNr5PJqy9kP7c40F5BOfpGlYTrxonDChEZB7pzZxRNp/bt+ymiy9/npwXya9KH99nJ/GXFIiUkYGFQ==",
      "dev": true,
      "dependencies": {
        "ansi-escapes": "^4.2.1",
        "supports-hyperlinks": "^2.0.0"
      },
      "engines": {
        "node": ">=8"
      },
      "funding": {
        "url": "https://github.com/sponsors/sindresorhus"
      }
    },
    "node_modules/elm-review/node_modules/terminal-link/node_modules/ansi-escapes": {
      "version": "4.3.2",
      "integrity": "sha512-gKXj5ALrKWQLsYG9jlTRmR/xKluxHV+Z9QEwNIgCfM1/uwPMCuzVVnh5mwTd+OuBZcwSIMbqssNWRm1lE51QaQ==",
      "dev": true,
      "dependencies": {
        "type-fest": "^0.21.3"
      },
      "engines": {
        "node": ">=8"
      },
      "funding": {
        "url": "https://github.com/sponsors/sindresorhus"
      }
    },
    "node_modules/elm-review/node_modules/terminal-link/node_modules/supports-hyperlinks": {
      "version": "2.2.0",
      "integrity": "sha512-6sXEzV5+I5j8Bmq9/vUphGRM/RJNT9SCURJLjwfOg51heRtguGWDzcaBlgAzKhQa0EVNpPEKzQuBwZ8S8WaCeQ==",
      "dev": true,
      "dependencies": {
        "has-flag": "^4.0.0",
        "supports-color": "^7.0.0"
      },
      "engines": {
        "node": ">=8"
      }
    },
    "node_modules/elm-review/node_modules/which": {
      "version": "2.0.2",
      "integrity": "sha512-BLI3Tl1TW3Pvl70l3yq3Y64i+awpwXqsGBYWkkqMtnbXgrMD+yj7rhW0kuEDxzJaYXGjEW5ogapKNMEKNMjibA==",
      "dev": true,
      "dependencies": {
        "isexe": "^2.0.0"
      },
      "bin": {
        "node-which": "bin/node-which"
      },
      "engines": {
        "node": ">= 8"
      }
    },
    "node_modules/elm-review/node_modules/which/node_modules/isexe": {
      "version": "2.0.0",
      "integrity": "sha1-6PvzdNxVb/iUehDcsFctYz8s+hA=",
      "dev": true
    },
    "node_modules/elm-review/node_modules/wrap-ansi": {
      "version": "6.2.0",
      "integrity": "sha512-r6lPcBGxZXlIcymEu7InxDMhdW0KDxpLgoFLcguasxCaJ/SOIZwINatK9KY/tf+ZrlywOKU0UDj3ATXUBfxJXA==",
      "dev": true,
      "dependencies": {
        "ansi-styles": "^4.0.0",
        "string-width": "^4.1.0",
        "strip-ansi": "^6.0.0"
      },
      "engines": {
        "node": ">=8"
      }
    },
    "node_modules/elm-review/node_modules/wrap-ansi/node_modules/ansi-styles": {
      "version": "4.3.0",
      "integrity": "sha512-zbB9rCJAT1rbjiVDb2hqKFHNYLxgtk8NURxZ3IZwD3F6NtxbXZQCnnSi1Lkx+IDohdPlFp222wVALIheZJQSEg==",
      "dev": true,
      "dependencies": {
        "color-convert": "^2.0.1"
      },
      "engines": {
        "node": ">=8"
      },
      "funding": {
        "url": "https://github.com/chalk/ansi-styles?sponsor=1"
      }
    },
    "node_modules/elm-review/node_modules/wrap-ansi/node_modules/ansi-styles/node_modules/color-convert": {
      "version": "2.0.1",
      "integrity": "sha512-RRECPsj7iu/xb5oKYcsFHSppFNnsj/52OVTRKb4zP5onXwVF3zVmmToNcOfGC+CRDpfK/U584fMg38ZHCaElKQ==",
      "dev": true,
      "dependencies": {
        "color-name": "~1.1.4"
      },
      "engines": {
        "node": ">=7.0.0"
      }
    },
    "node_modules/elm-review/node_modules/wrap-ansi/node_modules/ansi-styles/node_modules/color-convert/node_modules/color-name": {
      "version": "1.1.4",
      "integrity": "sha512-dOy+3AuW3a2wNbZHIuMZpTcgjGuLU/uBL/ubcZF9OXbDo8ff4O8yVp5Bf0efS8uEoYo5q4Fx7dY9OgQGXgAsQA==",
      "dev": true
    },
    "node_modules/elm-review/node_modules/wrap-ansi/node_modules/string-width": {
      "version": "4.2.3",
      "integrity": "sha512-wKyQRQpjJ0sIp62ErSZdGsjMJWsap5oRNihHhu6G7JVO/9jIB6UyevL+tXuOqrng8j/cxKTWyWUwvSTriiZz/g==",
      "dev": true,
      "dependencies": {
        "emoji-regex": "^8.0.0",
        "is-fullwidth-code-point": "^3.0.0",
        "strip-ansi": "^6.0.1"
      },
      "engines": {
        "node": ">=8"
      }
    },
    "node_modules/elm-review/node_modules/wrap-ansi/node_modules/string-width/node_modules/emoji-regex": {
      "version": "8.0.0",
      "integrity": "sha512-MSjYzcWNOA0ewAHpz0MxpYFvwg6yjy1NG3xteoqz644VCo/RPgnr1/GGt+ic3iJTzQ8Eu3TdM14SawnVUmGE6A==",
      "dev": true
    },
    "node_modules/elm-review/node_modules/wrap-ansi/node_modules/string-width/node_modules/is-fullwidth-code-point": {
      "version": "3.0.0",
      "integrity": "sha512-zymm5+u+sCsSWyD9qNaejV3DFvhCKclKdizYaJUuHA83RLjb7nSuGnddCHGv0hk+KY7BMAlsWeK4Ueg6EV6XQg==",
      "dev": true,
      "engines": {
        "node": ">=8"
      }
    },
    "node_modules/elm-tooling": {
      "version": "1.7.0",
      "integrity": "sha512-EHZ54voWrG3BhUONbH/wFw5U95H6N7R4QFgXHDrPIaDBDdeyNkpFu4QWArSWkhzxyCF7hqT8ya2yy7SferDsgg==",
      "dev": true,
      "bin": {
        "elm-tooling": "index.js"
      }
    }
  },
  "dependencies": {
    "elm-optimize-level-2": {
      "version": "0.2.3",
      "dev": true,
      "requires": {
        "chalk": "^4.1.0",
        "commander": "^6.0.0",
        "node-elm-compiler": "^5.0.4",
        "ts-union": "^2.2.1",
        "typescript": "^3.9.7"
      }
    },
    "elm-pages": {
      "version": "2.1.10",
      "dev": true,
      "requires": {
        "chokidar": "3.5.2",
        "commander": "^8.1.0",
        "connect": "^3.7.0",
        "cross-spawn": "7.0.3",
        "devcert": "^1.2.0",
        "elm-doc-preview": "^5.0.5",
        "elm-hot": "^1.1.6",
        "fs-extra": "^10.0.0",
        "globby": "11.0.4",
        "gray-matter": "^4.0.3",
        "jsesc": "^3.0.2",
        "kleur": "^4.1.4",
        "micromatch": "^4.0.4",
        "object-hash": "^2.2.0",
        "serve-static": "^1.14.1",
        "terser": "^5.7.2",
        "undici": "^4.4.7",
        "which": "^2.0.2"
      }
    },
    "elm-review": {
      "version": "2.7.0",
      "dev": true,
      "requires": {
        "chalk": "^4.0.0",
        "chokidar": "^3.5.2",
        "cross-spawn": "^7.0.3",
        "elm-tooling": "^1.6.0",
        "fast-levenshtein": "^3.0.0",
        "find-up": "^4.1.0",
        "folder-hash": "^3.3.0",
        "fs-extra": "^9.0.0",
        "glob": "^7.1.4",
        "got": "^10.7.0",
        "minimist": "^1.2.0",
        "ora": "^5.4.0",
        "path-key": "^3.1.1",
        "prompts": "^2.2.1",
        "strip-ansi": "^6.0.0",
        "temp": "^0.9.1",
        "terminal-link": "^2.1.1",
        "which": "^2.0.2",
        "wrap-ansi": "^6.2.0"
      },
      "dependencies": {
        "chalk": {
          "version": "4.1.2",
          "dev": true,
          "requires": {
            "ansi-styles": "^4.1.0",
            "supports-color": "^7.1.0"
          }
        },
        "chokidar": {
          "version": "3.5.2",
          "dev": true,
          "requires": {
            "anymatch": "~3.1.2",
            "braces": "~3.0.2",
            "fsevents": "~2.3.2",
            "glob-parent": "~5.1.2",
            "is-binary-path": "~2.1.0",
            "is-glob": "~4.0.1",
            "normalize-path": "~3.0.0",
            "readdirp": "~3.6.0"
          }
        },
        "cross-spawn": {
          "version": "7.0.3",
          "dev": true,
          "requires": {
            "path-key": "^3.1.0",
            "shebang-command": "^2.0.0",
            "which": "^2.0.1"
          }
        },
        "fast-levenshtein": {
          "version": "3.0.0",
          "dev": true,
          "requires": {
            "fastest-levenshtein": "^1.0.7"
          },
          "dependencies": {
            "fastest-levenshtein": {
              "version": "1.0.12",
              "dev": true
            }
          }
        },
        "find-up": {
          "version": "4.1.0",
          "dev": true,
          "requires": {
            "locate-path": "^5.0.0",
            "path-exists": "^4.0.0"
          },
          "dependencies": {
            "locate-path": {
              "version": "5.0.0",
              "dev": true,
              "requires": {
                "p-locate": "^4.1.0"
              },
              "dependencies": {
                "p-locate": {
                  "version": "4.1.0",
                  "dev": true,
                  "requires": {
                    "p-limit": "^2.2.0"
                  }
                }
              }
            },
            "path-exists": {
              "version": "4.0.0",
              "dev": true
            }
          }
        },
        "folder-hash": {
          "version": "3.3.3",
          "dev": true,
          "requires": {
            "debug": "^4.1.1",
            "graceful-fs": "~4.2.0",
            "minimatch": "~3.0.4"
          }
        },
        "fs-extra": {
          "version": "9.1.0",
          "dev": true,
          "requires": {
            "at-least-node": "^1.0.0",
            "graceful-fs": "^4.2.0",
            "jsonfile": "^6.0.1",
            "universalify": "^2.0.0"
          },
          "dependencies": {
            "at-least-node": {
              "version": "1.0.0",
              "dev": true
            },
            "graceful-fs": {
              "version": "4.2.8",
              "dev": true
            },
            "jsonfile": {
              "version": "6.1.0",
              "dev": true,
              "requires": {
                "graceful-fs": "^4.1.6",
                "universalify": "^2.0.0"
              }
            },
            "universalify": {
              "version": "2.0.0",
              "dev": true
            }
          }
        },
        "glob": {
          "version": "7.2.0",
          "dev": true,
          "requires": {
            "fs.realpath": "^1.0.0",
            "inflight": "^1.0.4",
            "inherits": "2",
            "minimatch": "^3.0.4",
            "once": "^1.3.0",
            "path-is-absolute": "^1.0.0"
          }
        },
        "got": {
          "version": "10.7.0",
          "dev": true,
          "requires": {
            "@sindresorhus/is": "^2.0.0",
            "@szmarczak/http-timer": "^4.0.0",
            "@types/cacheable-request": "^6.0.1",
            "cacheable-lookup": "^2.0.0",
            "cacheable-request": "^7.0.1",
            "decompress-response": "^5.0.0",
            "duplexer3": "^0.1.4",
            "get-stream": "^5.0.0",
            "lowercase-keys": "^2.0.0",
            "mimic-response": "^2.1.0",
            "p-cancelable": "^2.0.0",
            "p-event": "^4.0.0",
            "responselike": "^2.0.0",
            "to-readable-stream": "^2.0.0",
            "type-fest": "^0.10.0"
          }
        },
        "minimist": {
          "version": "1.2.5",
          "dev": true
        },
        "ora": {
          "version": "5.4.1",
          "dev": true,
          "requires": {
            "bl": "^4.1.0",
            "chalk": "^4.1.0",
            "cli-cursor": "^3.1.0",
            "cli-spinners": "^2.5.0",
            "is-interactive": "^1.0.0",
            "is-unicode-supported": "^0.1.0",
            "log-symbols": "^4.1.0",
            "strip-ansi": "^6.0.0",
            "wcwidth": "^1.0.1"
          }
        },
        "path-key": {
          "version": "3.1.1",
          "dev": true
        },
        "prompts": {
          "version": "2.4.2",
          "dev": true,
          "requires": {
            "kleur": "^3.0.3",
            "sisteransi": "^1.0.5"
          },
          "dependencies": {
            "kleur": {
              "version": "3.0.3",
              "dev": true
            },
            "sisteransi": {
              "version": "1.0.5",
              "dev": true
            }
          }
        },
        "strip-ansi": {
          "version": "6.0.1",
          "dev": true,
          "requires": {
            "ansi-regex": "^5.0.1"
          },
          "dependencies": {
            "ansi-regex": {
              "version": "5.0.1",
              "dev": true
            }
          }
        },
        "temp": {
          "version": "0.9.4",
          "dev": true,
          "requires": {
            "mkdirp": "^0.5.1",
            "rimraf": "~2.6.2"
          },
          "dependencies": {
            "mkdirp": {
              "version": "0.5.5",
              "dev": true,
              "requires": {
                "minimist": "^1.2.5"
              }
            },
            "rimraf": {
              "version": "2.6.3",
              "dev": true,
              "requires": {
                "glob": "^7.1.3"
              }
            }
          }
        },
        "terminal-link": {
          "version": "2.1.1",
          "dev": true,
          "requires": {
            "ansi-escapes": "^4.2.1",
            "supports-hyperlinks": "^2.0.0"
          },
          "dependencies": {
            "ansi-escapes": {
              "version": "4.3.2",
              "dev": true,
              "requires": {
                "type-fest": "^0.21.3"
              }
            },
            "supports-hyperlinks": {
              "version": "2.2.0",
              "dev": true,
              "requires": {
                "has-flag": "^4.0.0",
                "supports-color": "^7.0.0"
              }
            }
          }
        },
        "which": {
          "version": "2.0.2",
          "dev": true,
          "requires": {
            "isexe": "^2.0.0"
          },
          "dependencies": {
            "isexe": {
              "version": "2.0.0",
              "dev": true
            }
          }
        },
        "wrap-ansi": {
          "version": "6.2.0",
          "dev": true,
          "requires": {
            "ansi-styles": "^4.0.0",
            "string-width": "^4.1.0",
            "strip-ansi": "^6.0.0"
          },
          "dependencies": {
            "ansi-styles": {
              "version": "4.3.0",
              "dev": true,
              "requires": {
                "color-convert": "^2.0.1"
              },
              "dependencies": {
                "color-convert": {
                  "version": "2.0.1",
                  "dev": true,
                  "requires": {
                    "color-name": "~1.1.4"
                  },
                  "dependencies": {
                    "color-name": {
                      "version": "1.1.4",
                      "dev": true
                    }
                  }
                }
              }
            },
            "string-width": {
              "version": "4.2.3",
              "dev": true,
              "requires": {
                "emoji-regex": "^8.0.0",
                "is-fullwidth-code-point": "^3.0.0",
                "strip-ansi": "^6.0.1"
              },
              "dependencies": {
                "emoji-regex": {
                  "version": "8.0.0",
                  "dev": true
                },
                "is-fullwidth-code-point": {
                  "version": "3.0.0",
                  "dev": true
                }
              }
            }
          }
        }
      }
    },
    "elm-tooling": {
      "version": "1.7.0",
      "dev": true
    }
  }
}
